
Microsoft Visual Studio Solution File, Format Version 12.00
# Visual Studio Version 17
VisualStudioVersion = 17.8.34309.116
MinimumVisualStudioVersion = 10.0.40219.1
Project("{8BC9CEB8-8B4A-11D0-8D11-00A0C91BC942}") = "DZ 10 OOP", "DZ 10 OOP.vcxproj", "{314A8490-BA2B-430A-BA04-722742D61FA7}"
EndProject
Global
	GlobalSection(SolutionConfigurationPlatforms) = preSolution
		Debug|x64 = Debug|x64
		Debug|x86 = Debug|x86
		Release|x64 = Release|x64
		Release|x86 = Release|x86
	EndGlobalSection
	GlobalSection(ProjectConfigurationPlatforms) = postSolution
		{314A8490-BA2B-430A-BA04-722742D61FA7}.Debug|x64.ActiveCfg = Debug|x64
		{314A8490-BA2B-430A-BA04-722742D61FA7}.Debug|x64.Build.0 = Debug|x64
		{314A8490-BA2B-430A-BA04-722742D61FA7}.Debug|x86.ActiveCfg = Debug|Win32
		{314A8490-BA2B-430A-BA04-722742D61FA7}.Debug|x86.Build.0 = Debug|Win32
		{314A8490-BA2B-430A-BA04-722742D61FA7}.Release|x64.ActiveCfg = Release|x64
		{314A8490-BA2B-430A-BA04-722742D61FA7}.Release|x64.Build.0 = Release|x64
		{314A8490-BA2B-430A-BA04-722742D61FA7}.Release|x86.ActiveCfg = Release|Win32
		{314A8490-BA2B-430A-BA04-722742D61FA7}.Release|x86.Build.0 = Release|Win32
	EndGlobalSection
	GlobalSection(SolutionProperties) = preSolution
		HideSolutionNode = FALSE
	EndGlobalSection
	GlobalSection(ExtensibilityGlobals) = postSolution
		SolutionGuid = {FA62FB47-5668-4A5F-8A4F-D499FC3CBF95}
	EndGlobalSection
EndGlobal
